
Microsoft Visual Studio Solution File, Format Version 12.00
# Visual Studio 15
VisualStudioVersion = 15.0.27130.2020
MinimumVisualStudioVersion = 10.0.40219.1
Project("{9A19103F-16F7-4668-BE54-9A1E7A4F7556}") = "StudentManagement", "StudentManagement\StudentManagement.csproj", "{DFCF356D-A9A0-4872-86BF-4163B84C9F68}"
EndProject
Project("{FAE04EC0-301F-11D3-BF4B-00C04F79EFBC}") = "StudentManagementClient", "StudentManagementClient\StudentManagementClient.csproj", "{35E03702-AA28-4FE6-9B58-42EF0FBEF31E}"
EndProject
Project("{9A19103F-16F7-4668-BE54-9A1E7A4F7556}") = "StudentManagementTests", "StudentManagementTests\StudentManagementTests.csproj", "{58A1FD69-1766-463D-ADF8-F619BEDBB7C7}"
EndProject
Global
	GlobalSection(SolutionConfigurationPlatforms) = preSolution
		Debug|Any CPU = Debug|Any CPU
		Release|Any CPU = Release|Any CPU
	EndGlobalSection
	GlobalSection(ProjectConfigurationPlatforms) = postSolution
		{DFCF356D-A9A0-4872-86BF-4163B84C9F68}.Debug|Any CPU.ActiveCfg = Debug|Any CPU
		{DFCF356D-A9A0-4872-86BF-4163B84C9F68}.Debug|Any CPU.Build.0 = Debug|Any CPU
		{DFCF356D-A9A0-4872-86BF-4163B84C9F68}.Release|Any CPU.ActiveCfg = Release|Any CPU
		{DFCF356D-A9A0-4872-86BF-4163B84C9F68}.Release|Any CPU.Build.0 = Release|Any CPU
		{35E03702-AA28-4FE6-9B58-42EF0FBEF31E}.Debug|Any CPU.ActiveCfg = Debug|Any CPU
		{35E03702-AA28-4FE6-9B58-42EF0FBEF31E}.Debug|Any CPU.Build.0 = Debug|Any CPU
		{35E03702-AA28-4FE6-9B58-42EF0FBEF31E}.Release|Any CPU.ActiveCfg = Release|Any CPU
		{35E03702-AA28-4FE6-9B58-42EF0FBEF31E}.Release|Any CPU.Build.0 = Release|Any CPU
		{58A1FD69-1766-463D-ADF8-F619BEDBB7C7}.Debug|Any CPU.ActiveCfg = Debug|Any CPU
		{58A1FD69-1766-463D-ADF8-F619BEDBB7C7}.Debug|Any CPU.Build.0 = Debug|Any CPU
		{58A1FD69-1766-463D-ADF8-F619BEDBB7C7}.Release|Any CPU.ActiveCfg = Release|Any CPU
		{58A1FD69-1766-463D-ADF8-F619BEDBB7C7}.Release|Any CPU.Build.0 = Release|Any CPU
	EndGlobalSection
	GlobalSection(SolutionProperties) = preSolution
		HideSolutionNode = FALSE
	EndGlobalSection
	GlobalSection(ExtensibilityGlobals) = postSolution
		SolutionGuid = {982A1263-F199-44C5-BD3F-3550AB5A5F9E}
	EndGlobalSection
EndGlobal
